
Microsoft Visual Studio Solution File, Format Version 12.00
# Visual Studio Version 17
VisualStudioVersion = 17.2.32616.157
MinimumVisualStudioVersion = 10.0.40219.1
Project("{00D1A9C2-B5F0-4AF3-8072-F6C62B433612}") = "OrmCookbookDB", "OrmCookbookDB\OrmCookbookDB.sqlproj", "{96CECE81-7A5D-4E56-8828-647FF24B9B57}"
EndProject
Project("{2150E333-8FDC-42A3-9474-1A3956D46DE8}") = "Solution Items", "Solution Items", "{6452D06A-3E2A-4918-97C9-9669F4E9E9BF}"
	ProjectSection(SolutionItems) = preProject
		.editorconfig = .editorconfig
		..\Changelog.md = ..\Changelog.md
		..\CONTRIBUTING.md = ..\CONTRIBUTING.md
		..\README.md = ..\README.md
	EndProjectSection
EndProject
Project("{FAE04EC0-301F-11D3-BF4B-00C04F79EFBC}") = "DocumentationDocNet", "DocumentationDocNet\DocumentationDocNet.csproj", "{AE70FDA3-C882-4255-A389-8364D4FDB01C}"
EndProject
Project("{9A19103F-16F7-4668-BE54-9A1E7A4F7556}") = "Recipes.Tortuga.Chain", "Recipes.Tortuga.Chain\Recipes.Tortuga.Chain.csproj", "{DCEAA258-6984-42A1-8780-11E0CA4CB026}"
EndProject
Project("{9A19103F-16F7-4668-BE54-9A1E7A4F7556}") = "Recipes.EntityFrameworkCore", "Recipes.EntityFrameworkCore\Recipes.EntityFrameworkCore.csproj", "{47C88905-5CA8-4092-8DF2-651D2BBA3C56}"
EndProject
Project("{9A19103F-16F7-4668-BE54-9A1E7A4F7556}") = "Recipes.Ado", "Recipes.Ado\Recipes.Ado.csproj", "{FA13531D-8BC9-401D-89A9-EA6D0D4DAA35}"
EndProject
Project("{9A19103F-16F7-4668-BE54-9A1E7A4F7556}") = "Recipes.Dapper", "Recipes.Dapper\Recipes.Dapper.csproj", "{3449965D-C692-452A-94EC-15A61BA822FF}"
EndProject
Project("{9A19103F-16F7-4668-BE54-9A1E7A4F7556}") = "Recipes.RepoDB", "Recipes.RepoDb\Recipes.RepoDB.csproj", "{FD78E64B-84BE-4955-8307-5E739947E94F}"
EndProject
Project("{9A19103F-16F7-4668-BE54-9A1E7A4F7556}") = "Recipes.NHibernate", "Recipes.NHibernate\Recipes.NHibernate.csproj", "{7D03BA33-36E3-4795-81B5-6AAAB5ADDCFF}"
EndProject
Project("{9A19103F-16F7-4668-BE54-9A1E7A4F7556}") = "Recipes.ServiceStack", "Recipes.ServiceStack\Recipes.ServiceStack.csproj", "{1F101225-F4DD-41C0-BEEE-564939BB98ED}"
EndProject
Project("{2150E333-8FDC-42A3-9474-1A3956D46DE8}") = "DatabaseSchema", "DatabaseSchema", "{F0D99CDC-D310-419F-A1DA-0BBC2AE8E08B}"
EndProject
Project("{2150E333-8FDC-42A3-9474-1A3956D46DE8}") = "Recipes.LLBLGenPro", "Recipes.LLBLGenPro", "{72EA0402-E82D-4BE3-BF45-5F27062BDE33}"
EndProject
Project("{9A19103F-16F7-4668-BE54-9A1E7A4F7556}") = "LLBLGenPro.OrmCookbook", "Recipes.LLBLGenPro\DatabaseGeneric\LLBLGenPro.OrmCookbook.csproj", "{5AC7E920-B3B2-49A7-9F65-A881B2446630}"
EndProject
Project("{9A19103F-16F7-4668-BE54-9A1E7A4F7556}") = "LLBLGenPro.OrmCookbookDBSpecific", "Recipes.LLBLGenPro\DatabaseSpecific\LLBLGenPro.OrmCookbookDBSpecific.csproj", "{0718CD00-6656-4595-93A1-51572AE17462}"
EndProject
Project("{9A19103F-16F7-4668-BE54-9A1E7A4F7556}") = "Recipes.LLBLGenPro", "Recipes.LLBLGenPro\Recipes\Recipes.LLBLGenPro.csproj", "{412263F3-027B-4EB5-94C7-B7DE9D64D9FA}"
EndProject
Project("{2150E333-8FDC-42A3-9474-1A3956D46DE8}") = "Configuration", "Configuration", "{B57EC866-6202-4108-AE43-19A8B10FEE23}"
	ProjectSection(SolutionItems) = preProject
		Configuration\appsettings.json = Configuration\appsettings.json
	EndProjectSection
EndProject
Project("{9A19103F-16F7-4668-BE54-9A1E7A4F7556}") = "Recipes", "Recipes\Recipes.csproj", "{BBEE8672-C36F-4F7C-A69B-1DCCD65DF36A}"
EndProject
Project("{9A19103F-16F7-4668-BE54-9A1E7A4F7556}") = "Recipes.Interfaces", "Recipes.Interfaces\Recipes.Interfaces.csproj", "{F4FCD753-4D82-4505-B3E9-B3D74BAFAA5C}"
EndProject
Project("{9A19103F-16F7-4668-BE54-9A1E7A4F7556}") = "Recipes.LinqToDB", "Recipes.LinqToDB\Recipes.LinqToDB.csproj", "{B2F2466C-3FD8-4A0A-826C-7FB0E8DEFF64}"
EndProject
Project("{9A19103F-16F7-4668-BE54-9A1E7A4F7556}") = "Recipes.EntityFramework", "Recipes.EntityFramework\Recipes.EntityFramework.csproj", "{5A4568A8-9207-481F-B52D-3E8A0A83557F}"
EndProject
Project("{9A19103F-16F7-4668-BE54-9A1E7A4F7556}") = "PostgreSqlDb", "PostgreSqlDb\PostgreSqlDb.csproj", "{342984EC-0828-4B63-93D4-17D1B2C705FA}"
EndProject
Project("{9A19103F-16F7-4668-BE54-9A1E7A4F7556}") = "Injectables", "Recipes.LLBLGenPro\Injectables\Injectables.csproj", "{8435E156-FBFD-4B47-8C36-8C6752F7E8F2}"
EndProject
Project("{9A19103F-16F7-4668-BE54-9A1E7A4F7556}") = "Recipes.DbConnector", "Recipes.DbConnector\Recipes.DbConnector.csproj", "{359BD788-9AE0-4F4B-9EB1-193D8714F3CC}"
EndProject
Global
	GlobalSection(SolutionConfigurationPlatforms) = preSolution
		Debug|Any CPU = Debug|Any CPU
		Release|Any CPU = Release|Any CPU
	EndGlobalSection
	GlobalSection(ProjectConfigurationPlatforms) = postSolution
		{96CECE81-7A5D-4E56-8828-647FF24B9B57}.Debug|Any CPU.ActiveCfg = Debug|Any CPU
		{96CECE81-7A5D-4E56-8828-647FF24B9B57}.Debug|Any CPU.Build.0 = Debug|Any CPU
		{96CECE81-7A5D-4E56-8828-647FF24B9B57}.Debug|Any CPU.Deploy.0 = Debug|Any CPU
		{96CECE81-7A5D-4E56-8828-647FF24B9B57}.Release|Any CPU.ActiveCfg = Release|Any CPU
		{96CECE81-7A5D-4E56-8828-647FF24B9B57}.Release|Any CPU.Build.0 = Release|Any CPU
		{96CECE81-7A5D-4E56-8828-647FF24B9B57}.Release|Any CPU.Deploy.0 = Release|Any CPU
		{AE70FDA3-C882-4255-A389-8364D4FDB01C}.Debug|Any CPU.ActiveCfg = Debug|Any CPU
		{AE70FDA3-C882-4255-A389-8364D4FDB01C}.Debug|Any CPU.Build.0 = Debug|Any CPU
		{AE70FDA3-C882-4255-A389-8364D4FDB01C}.Release|Any CPU.ActiveCfg = Release|Any CPU
		{AE70FDA3-C882-4255-A389-8364D4FDB01C}.Release|Any CPU.Build.0 = Release|Any CPU
		{DCEAA258-6984-42A1-8780-11E0CA4CB026}.Debug|Any CPU.ActiveCfg = Debug|Any CPU
		{DCEAA258-6984-42A1-8780-11E0CA4CB026}.Debug|Any CPU.Build.0 = Debug|Any CPU
		{DCEAA258-6984-42A1-8780-11E0CA4CB026}.Release|Any CPU.ActiveCfg = Release|Any CPU
		{DCEAA258-6984-42A1-8780-11E0CA4CB026}.Release|Any CPU.Build.0 = Release|Any CPU
		{47C88905-5CA8-4092-8DF2-651D2BBA3C56}.Debug|Any CPU.ActiveCfg = Debug|Any CPU
		{47C88905-5CA8-4092-8DF2-651D2BBA3C56}.Debug|Any CPU.Build.0 = Debug|Any CPU
		{47C88905-5CA8-4092-8DF2-651D2BBA3C56}.Release|Any CPU.ActiveCfg = Release|Any CPU
		{47C88905-5CA8-4092-8DF2-651D2BBA3C56}.Release|Any CPU.Build.0 = Release|Any CPU
		{FA13531D-8BC9-401D-89A9-EA6D0D4DAA35}.Debug|Any CPU.ActiveCfg = Debug|Any CPU
		{FA13531D-8BC9-401D-89A9-EA6D0D4DAA35}.Debug|Any CPU.Build.0 = Debug|Any CPU
		{FA13531D-8BC9-401D-89A9-EA6D0D4DAA35}.Release|Any CPU.ActiveCfg = Release|Any CPU
		{FA13531D-8BC9-401D-89A9-EA6D0D4DAA35}.Release|Any CPU.Build.0 = Release|Any CPU
		{3449965D-C692-452A-94EC-15A61BA822FF}.Debug|Any CPU.ActiveCfg = Debug|Any CPU
		{3449965D-C692-452A-94EC-15A61BA822FF}.Debug|Any CPU.Build.0 = Debug|Any CPU
		{3449965D-C692-452A-94EC-15A61BA822FF}.Release|Any CPU.ActiveCfg = Release|Any CPU
		{3449965D-C692-452A-94EC-15A61BA822FF}.Release|Any CPU.Build.0 = Release|Any CPU
		{FD78E64B-84BE-4955-8307-5E739947E94F}.Debug|Any CPU.ActiveCfg = Debug|Any CPU
		{FD78E64B-84BE-4955-8307-5E739947E94F}.Debug|Any CPU.Build.0 = Debug|Any CPU
		{FD78E64B-84BE-4955-8307-5E739947E94F}.Release|Any CPU.ActiveCfg = Release|Any CPU
		{FD78E64B-84BE-4955-8307-5E739947E94F}.Release|Any CPU.Build.0 = Release|Any CPU
		{7D03BA33-36E3-4795-81B5-6AAAB5ADDCFF}.Debug|Any CPU.ActiveCfg = Debug|Any CPU
		{7D03BA33-36E3-4795-81B5-6AAAB5ADDCFF}.Debug|Any CPU.Build.0 = Debug|Any CPU
		{7D03BA33-36E3-4795-81B5-6AAAB5ADDCFF}.Release|Any CPU.ActiveCfg = Release|Any CPU
		{7D03BA33-36E3-4795-81B5-6AAAB5ADDCFF}.Release|Any CPU.Build.0 = Release|Any CPU
		{1F101225-F4DD-41C0-BEEE-564939BB98ED}.Debug|Any CPU.ActiveCfg = Debug|Any CPU
		{1F101225-F4DD-41C0-BEEE-564939BB98ED}.Debug|Any CPU.Build.0 = Debug|Any CPU
		{1F101225-F4DD-41C0-BEEE-564939BB98ED}.Release|Any CPU.ActiveCfg = Release|Any CPU
		{1F101225-F4DD-41C0-BEEE-564939BB98ED}.Release|Any CPU.Build.0 = Release|Any CPU
		{5AC7E920-B3B2-49A7-9F65-A881B2446630}.Debug|Any CPU.ActiveCfg = Debug|Any CPU
		{5AC7E920-B3B2-49A7-9F65-A881B2446630}.Debug|Any CPU.Build.0 = Debug|Any CPU
		{5AC7E920-B3B2-49A7-9F65-A881B2446630}.Release|Any CPU.ActiveCfg = Release|Any CPU
		{5AC7E920-B3B2-49A7-9F65-A881B2446630}.Release|Any CPU.Build.0 = Release|Any CPU
		{0718CD00-6656-4595-93A1-51572AE17462}.Debug|Any CPU.ActiveCfg = Debug|Any CPU
		{0718CD00-6656-4595-93A1-51572AE17462}.Debug|Any CPU.Build.0 = Debug|Any CPU
		{0718CD00-6656-4595-93A1-51572AE17462}.Release|Any CPU.ActiveCfg = Release|Any CPU
		{0718CD00-6656-4595-93A1-51572AE17462}.Release|Any CPU.Build.0 = Release|Any CPU
		{412263F3-027B-4EB5-94C7-B7DE9D64D9FA}.Debug|Any CPU.ActiveCfg = Debug|Any CPU
		{412263F3-027B-4EB5-94C7-B7DE9D64D9FA}.Debug|Any CPU.Build.0 = Debug|Any CPU
		{412263F3-027B-4EB5-94C7-B7DE9D64D9FA}.Release|Any CPU.ActiveCfg = Release|Any CPU
		{412263F3-027B-4EB5-94C7-B7DE9D64D9FA}.Release|Any CPU.Build.0 = Release|Any CPU
		{BBEE8672-C36F-4F7C-A69B-1DCCD65DF36A}.Debug|Any CPU.ActiveCfg = Debug|Any CPU
		{BBEE8672-C36F-4F7C-A69B-1DCCD65DF36A}.Debug|Any CPU.Build.0 = Debug|Any CPU
		{BBEE8672-C36F-4F7C-A69B-1DCCD65DF36A}.Release|Any CPU.ActiveCfg = Release|Any CPU
		{BBEE8672-C36F-4F7C-A69B-1DCCD65DF36A}.Release|Any CPU.Build.0 = Release|Any CPU
		{F4FCD753-4D82-4505-B3E9-B3D74BAFAA5C}.Debug|Any CPU.ActiveCfg = Debug|Any CPU
		{F4FCD753-4D82-4505-B3E9-B3D74BAFAA5C}.Debug|Any CPU.Build.0 = Debug|Any CPU
		{F4FCD753-4D82-4505-B3E9-B3D74BAFAA5C}.Release|Any CPU.ActiveCfg = Release|Any CPU
		{F4FCD753-4D82-4505-B3E9-B3D74BAFAA5C}.Release|Any CPU.Build.0 = Release|Any CPU
		{B2F2466C-3FD8-4A0A-826C-7FB0E8DEFF64}.Debug|Any CPU.ActiveCfg = Debug|Any CPU
		{B2F2466C-3FD8-4A0A-826C-7FB0E8DEFF64}.Debug|Any CPU.Build.0 = Debug|Any CPU
		{B2F2466C-3FD8-4A0A-826C-7FB0E8DEFF64}.Release|Any CPU.ActiveCfg = Release|Any CPU
		{B2F2466C-3FD8-4A0A-826C-7FB0E8DEFF64}.Release|Any CPU.Build.0 = Release|Any CPU
		{5A4568A8-9207-481F-B52D-3E8A0A83557F}.Debug|Any CPU.ActiveCfg = Debug|Any CPU
		{5A4568A8-9207-481F-B52D-3E8A0A83557F}.Debug|Any CPU.Build.0 = Debug|Any CPU
		{5A4568A8-9207-481F-B52D-3E8A0A83557F}.Release|Any CPU.ActiveCfg = Release|Any CPU
		{5A4568A8-9207-481F-B52D-3E8A0A83557F}.Release|Any CPU.Build.0 = Release|Any CPU
		{342984EC-0828-4B63-93D4-17D1B2C705FA}.Debug|Any CPU.ActiveCfg = Debug|Any CPU
		{342984EC-0828-4B63-93D4-17D1B2C705FA}.Debug|Any CPU.Build.0 = Debug|Any CPU
		{342984EC-0828-4B63-93D4-17D1B2C705FA}.Release|Any CPU.ActiveCfg = Release|Any CPU
		{342984EC-0828-4B63-93D4-17D1B2C705FA}.Release|Any CPU.Build.0 = Release|Any CPU
		{8435E156-FBFD-4B47-8C36-8C6752F7E8F2}.Debug|Any CPU.ActiveCfg = Debug|Any CPU
		{8435E156-FBFD-4B47-8C36-8C6752F7E8F2}.Debug|Any CPU.Build.0 = Debug|Any CPU
		{8435E156-FBFD-4B47-8C36-8C6752F7E8F2}.Release|Any CPU.ActiveCfg = Release|Any CPU
		{8435E156-FBFD-4B47-8C36-8C6752F7E8F2}.Release|Any CPU.Build.0 = Release|Any CPU
		{359BD788-9AE0-4F4B-9EB1-193D8714F3CC}.Debug|Any CPU.ActiveCfg = Debug|Any CPU
		{359BD788-9AE0-4F4B-9EB1-193D8714F3CC}.Debug|Any CPU.Build.0 = Debug|Any CPU
		{359BD788-9AE0-4F4B-9EB1-193D8714F3CC}.Release|Any CPU.ActiveCfg = Release|Any CPU
		{359BD788-9AE0-4F4B-9EB1-193D8714F3CC}.Release|Any CPU.Build.0 = Release|Any CPU
	EndGlobalSection
	GlobalSection(SolutionProperties) = preSolution
		HideSolutionNode = FALSE
	EndGlobalSection
	GlobalSection(NestedProjects) = preSolution
		{96CECE81-7A5D-4E56-8828-647FF24B9B57} = {F0D99CDC-D310-419F-A1DA-0BBC2AE8E08B}
		{5AC7E920-B3B2-49A7-9F65-A881B2446630} = {72EA0402-E82D-4BE3-BF45-5F27062BDE33}
		{0718CD00-6656-4595-93A1-51572AE17462} = {72EA0402-E82D-4BE3-BF45-5F27062BDE33}
		{412263F3-027B-4EB5-94C7-B7DE9D64D9FA} = {72EA0402-E82D-4BE3-BF45-5F27062BDE33}
		{342984EC-0828-4B63-93D4-17D1B2C705FA} = {F0D99CDC-D310-419F-A1DA-0BBC2AE8E08B}
		{8435E156-FBFD-4B47-8C36-8C6752F7E8F2} = {72EA0402-E82D-4BE3-BF45-5F27062BDE33}
	EndGlobalSection
	GlobalSection(ExtensibilityGlobals) = postSolution
		SolutionGuid = {85F9F409-0974-474E-A6DE-6DA611F17CE1}
	EndGlobalSection
EndGlobal
