
Microsoft Visual Studio Solution File, Format Version 12.00
# Visual Studio Version 16
VisualStudioVersion = 16.0.29613.14
MinimumVisualStudioVersion = 10.0.40219.1
Project("{00D1A9C2-B5F0-4AF3-8072-F6C62B433612}") = "OrmCookbookDB", "OrmCookbookDB\OrmCookbookDB.sqlproj", "{96CECE81-7A5D-4E56-8828-647FF24B9B57}"
EndProject
Project("{2150E333-8FDC-42A3-9474-1A3956D46DE8}") = "Solution Items", "Solution Items", "{6452D06A-3E2A-4918-97C9-9669F4E9E9BF}"
	ProjectSection(SolutionItems) = preProject
		.editorconfig = .editorconfig
		..\README.md = ..\README.md
	EndProjectSection
EndProject
Project("{FAE04EC0-301F-11D3-BF4B-00C04F79EFBC}") = "DocumentationDocNet", "DocumentationDocNet\DocumentationDocNet.csproj", "{AE70FDA3-C882-4255-A389-8364D4FDB01C}"
EndProject
Project("{9A19103F-16F7-4668-BE54-9A1E7A4F7556}") = "Recipes.Core", "Recipes.Core\Recipes.Core.csproj", "{355C414A-76DC-4A3A-9BD7-3B64A5C4CEBE}"
EndProject
Project("{9A19103F-16F7-4668-BE54-9A1E7A4F7556}") = "Recipes.Tortuga.Chain", "Recipes.Tortuga.Chain\Recipes.Tortuga.Chain.csproj", "{DCEAA258-6984-42A1-8780-11E0CA4CB026}"
EndProject
Project("{9A19103F-16F7-4668-BE54-9A1E7A4F7556}") = "Recipes.EntityFrameworkCore", "Recipes.EntityFrameworkCore\Recipes.EntityFrameworkCore.csproj", "{47C88905-5CA8-4092-8DF2-651D2BBA3C56}"
EndProject
Project("{9A19103F-16F7-4668-BE54-9A1E7A4F7556}") = "Recipes.Ado", "Recipes.Ado\Recipes.Ado.csproj", "{FA13531D-8BC9-401D-89A9-EA6D0D4DAA35}"
EndProject
Project("{9A19103F-16F7-4668-BE54-9A1E7A4F7556}") = "Recipes.Dapper", "Recipes.Dapper\Recipes.Dapper.csproj", "{3449965D-C692-452A-94EC-15A61BA822FF}"
EndProject
Project("{9A19103F-16F7-4668-BE54-9A1E7A4F7556}") = "Recipes.RepoDb", "Recipes.RepoDb\Recipes.RepoDb.csproj", "{FD78E64B-84BE-4955-8307-5E739947E94F}"
EndProject
Project("{9A19103F-16F7-4668-BE54-9A1E7A4F7556}") = "Recipes.NHibernate", "Recipes.NHibernate\Recipes.NHibernate.csproj", "{7D03BA33-36E3-4795-81B5-6AAAB5ADDCFF}"
EndProject
Project("{2150E333-8FDC-42A3-9474-1A3956D46DE8}") = "BenchmarkRunners", "BenchmarkRunners", "{BA91F0D7-3D2E-4CFF-8A1D-DDBBE9D89870}"
EndProject
Project("{9A19103F-16F7-4668-BE54-9A1E7A4F7556}") = "Performance.SingleModelCrud", "BenchmarkRunners\Performance.SingleModelCrud\Performance.SingleModelCrud.csproj", "{17AD2807-0B37-49C6-98D7-3471A0E9E378}"
EndProject
Project("{9A19103F-16F7-4668-BE54-9A1E7A4F7556}") = "Performance.SingleModelCrudAsync", "BenchmarkRunners\Performance.SingleModelCrudAsync\Performance.SingleModelCrudAsync.csproj", "{CB12C942-565B-4E60-AFB6-1370391A1CC0}"
EndProject
Project("{9A19103F-16F7-4668-BE54-9A1E7A4F7556}") = "Performance.PartialUpdate", "BenchmarkRunners\Performance.PartialUpdate\Performance.PartialUpdate.csproj", "{735A1D4F-A911-4E3B-A626-73914900B4AD}"
EndProject
Project("{9A19103F-16F7-4668-BE54-9A1E7A4F7556}") = "Performance.TryCrud", "BenchmarkRunners\Performance.TryCrud\Performance.TryCrud.csproj", "{81B5551F-C45B-4F65-80F2-8DF4EE31CB8B}"
EndProject
Project("{9A19103F-16F7-4668-BE54-9A1E7A4F7556}") = "Recipes.ServiceStack", "Recipes.ServiceStack\Recipes.ServiceStack.csproj", "{1F101225-F4DD-41C0-BEEE-564939BB98ED}"
EndProject
Project("{2150E333-8FDC-42A3-9474-1A3956D46DE8}") = "DatabaseSchema", "DatabaseSchema", "{F0D99CDC-D310-419F-A1DA-0BBC2AE8E08B}"
EndProject
Project("{2150E333-8FDC-42A3-9474-1A3956D46DE8}") = "Recipes.LLBLGenPro", "Recipes.LLBLGenPro", "{72EA0402-E82D-4BE3-BF45-5F27062BDE33}"
EndProject
Project("{9A19103F-16F7-4668-BE54-9A1E7A4F7556}") = "LLBLGenPro.OrmCookbook", "Recipes.LLBLGenPro\DatabaseGeneric\LLBLGenPro.OrmCookbook.csproj", "{5AC7E920-B3B2-49A7-9F65-A881B2446630}"
EndProject
Project("{9A19103F-16F7-4668-BE54-9A1E7A4F7556}") = "LLBLGenPro.OrmCookbookDBSpecific", "Recipes.LLBLGenPro\DatabaseSpecific\LLBLGenPro.OrmCookbookDBSpecific.csproj", "{0718CD00-6656-4595-93A1-51572AE17462}"
EndProject
Project("{9A19103F-16F7-4668-BE54-9A1E7A4F7556}") = "Recipes.LLBLGenPro", "Recipes.LLBLGenPro\Recipes\Recipes.LLBLGenPro.csproj", "{412263F3-027B-4EB5-94C7-B7DE9D64D9FA}"
EndProject
Global
	GlobalSection(SolutionConfigurationPlatforms) = preSolution
		Debug|Any CPU = Debug|Any CPU
		Release|Any CPU = Release|Any CPU
	EndGlobalSection
	GlobalSection(ProjectConfigurationPlatforms) = postSolution
		{96CECE81-7A5D-4E56-8828-647FF24B9B57}.Debug|Any CPU.ActiveCfg = Debug|Any CPU
		{96CECE81-7A5D-4E56-8828-647FF24B9B57}.Debug|Any CPU.Build.0 = Debug|Any CPU
		{96CECE81-7A5D-4E56-8828-647FF24B9B57}.Debug|Any CPU.Deploy.0 = Debug|Any CPU
		{96CECE81-7A5D-4E56-8828-647FF24B9B57}.Release|Any CPU.ActiveCfg = Release|Any CPU
		{96CECE81-7A5D-4E56-8828-647FF24B9B57}.Release|Any CPU.Build.0 = Release|Any CPU
		{96CECE81-7A5D-4E56-8828-647FF24B9B57}.Release|Any CPU.Deploy.0 = Release|Any CPU
		{AE70FDA3-C882-4255-A389-8364D4FDB01C}.Debug|Any CPU.ActiveCfg = Debug|Any CPU
		{AE70FDA3-C882-4255-A389-8364D4FDB01C}.Debug|Any CPU.Build.0 = Debug|Any CPU
		{AE70FDA3-C882-4255-A389-8364D4FDB01C}.Release|Any CPU.ActiveCfg = Release|Any CPU
		{AE70FDA3-C882-4255-A389-8364D4FDB01C}.Release|Any CPU.Build.0 = Release|Any CPU
		{355C414A-76DC-4A3A-9BD7-3B64A5C4CEBE}.Debug|Any CPU.ActiveCfg = Debug|Any CPU
		{355C414A-76DC-4A3A-9BD7-3B64A5C4CEBE}.Debug|Any CPU.Build.0 = Debug|Any CPU
		{355C414A-76DC-4A3A-9BD7-3B64A5C4CEBE}.Release|Any CPU.ActiveCfg = Release|Any CPU
		{355C414A-76DC-4A3A-9BD7-3B64A5C4CEBE}.Release|Any CPU.Build.0 = Release|Any CPU
		{DCEAA258-6984-42A1-8780-11E0CA4CB026}.Debug|Any CPU.ActiveCfg = Debug|Any CPU
		{DCEAA258-6984-42A1-8780-11E0CA4CB026}.Debug|Any CPU.Build.0 = Debug|Any CPU
		{DCEAA258-6984-42A1-8780-11E0CA4CB026}.Release|Any CPU.ActiveCfg = Release|Any CPU
		{DCEAA258-6984-42A1-8780-11E0CA4CB026}.Release|Any CPU.Build.0 = Release|Any CPU
		{47C88905-5CA8-4092-8DF2-651D2BBA3C56}.Debug|Any CPU.ActiveCfg = Debug|Any CPU
		{47C88905-5CA8-4092-8DF2-651D2BBA3C56}.Debug|Any CPU.Build.0 = Debug|Any CPU
		{47C88905-5CA8-4092-8DF2-651D2BBA3C56}.Release|Any CPU.ActiveCfg = Release|Any CPU
		{47C88905-5CA8-4092-8DF2-651D2BBA3C56}.Release|Any CPU.Build.0 = Release|Any CPU
		{FA13531D-8BC9-401D-89A9-EA6D0D4DAA35}.Debug|Any CPU.ActiveCfg = Debug|Any CPU
		{FA13531D-8BC9-401D-89A9-EA6D0D4DAA35}.Debug|Any CPU.Build.0 = Debug|Any CPU
		{FA13531D-8BC9-401D-89A9-EA6D0D4DAA35}.Release|Any CPU.ActiveCfg = Release|Any CPU
		{FA13531D-8BC9-401D-89A9-EA6D0D4DAA35}.Release|Any CPU.Build.0 = Release|Any CPU
		{3449965D-C692-452A-94EC-15A61BA822FF}.Debug|Any CPU.ActiveCfg = Debug|Any CPU
		{3449965D-C692-452A-94EC-15A61BA822FF}.Debug|Any CPU.Build.0 = Debug|Any CPU
		{3449965D-C692-452A-94EC-15A61BA822FF}.Release|Any CPU.ActiveCfg = Release|Any CPU
		{3449965D-C692-452A-94EC-15A61BA822FF}.Release|Any CPU.Build.0 = Release|Any CPU
		{FD78E64B-84BE-4955-8307-5E739947E94F}.Debug|Any CPU.ActiveCfg = Debug|Any CPU
		{FD78E64B-84BE-4955-8307-5E739947E94F}.Debug|Any CPU.Build.0 = Debug|Any CPU
		{FD78E64B-84BE-4955-8307-5E739947E94F}.Release|Any CPU.ActiveCfg = Release|Any CPU
		{FD78E64B-84BE-4955-8307-5E739947E94F}.Release|Any CPU.Build.0 = Release|Any CPU
		{7D03BA33-36E3-4795-81B5-6AAAB5ADDCFF}.Debug|Any CPU.ActiveCfg = Debug|Any CPU
		{7D03BA33-36E3-4795-81B5-6AAAB5ADDCFF}.Debug|Any CPU.Build.0 = Debug|Any CPU
		{7D03BA33-36E3-4795-81B5-6AAAB5ADDCFF}.Release|Any CPU.ActiveCfg = Release|Any CPU
		{7D03BA33-36E3-4795-81B5-6AAAB5ADDCFF}.Release|Any CPU.Build.0 = Release|Any CPU
		{17AD2807-0B37-49C6-98D7-3471A0E9E378}.Debug|Any CPU.ActiveCfg = Debug|Any CPU
		{17AD2807-0B37-49C6-98D7-3471A0E9E378}.Debug|Any CPU.Build.0 = Debug|Any CPU
		{17AD2807-0B37-49C6-98D7-3471A0E9E378}.Release|Any CPU.ActiveCfg = Release|Any CPU
		{17AD2807-0B37-49C6-98D7-3471A0E9E378}.Release|Any CPU.Build.0 = Release|Any CPU
		{CB12C942-565B-4E60-AFB6-1370391A1CC0}.Debug|Any CPU.ActiveCfg = Debug|Any CPU
		{CB12C942-565B-4E60-AFB6-1370391A1CC0}.Debug|Any CPU.Build.0 = Debug|Any CPU
		{CB12C942-565B-4E60-AFB6-1370391A1CC0}.Release|Any CPU.ActiveCfg = Release|Any CPU
		{CB12C942-565B-4E60-AFB6-1370391A1CC0}.Release|Any CPU.Build.0 = Release|Any CPU
		{735A1D4F-A911-4E3B-A626-73914900B4AD}.Debug|Any CPU.ActiveCfg = Debug|Any CPU
		{735A1D4F-A911-4E3B-A626-73914900B4AD}.Debug|Any CPU.Build.0 = Debug|Any CPU
		{735A1D4F-A911-4E3B-A626-73914900B4AD}.Release|Any CPU.ActiveCfg = Release|Any CPU
		{735A1D4F-A911-4E3B-A626-73914900B4AD}.Release|Any CPU.Build.0 = Release|Any CPU
		{81B5551F-C45B-4F65-80F2-8DF4EE31CB8B}.Debug|Any CPU.ActiveCfg = Debug|Any CPU
		{81B5551F-C45B-4F65-80F2-8DF4EE31CB8B}.Debug|Any CPU.Build.0 = Debug|Any CPU
		{81B5551F-C45B-4F65-80F2-8DF4EE31CB8B}.Release|Any CPU.ActiveCfg = Release|Any CPU
		{81B5551F-C45B-4F65-80F2-8DF4EE31CB8B}.Release|Any CPU.Build.0 = Release|Any CPU
		{1F101225-F4DD-41C0-BEEE-564939BB98ED}.Debug|Any CPU.ActiveCfg = Debug|Any CPU
		{1F101225-F4DD-41C0-BEEE-564939BB98ED}.Debug|Any CPU.Build.0 = Debug|Any CPU
		{1F101225-F4DD-41C0-BEEE-564939BB98ED}.Release|Any CPU.ActiveCfg = Release|Any CPU
		{1F101225-F4DD-41C0-BEEE-564939BB98ED}.Release|Any CPU.Build.0 = Release|Any CPU
		{5AC7E920-B3B2-49A7-9F65-A881B2446630}.Debug|Any CPU.ActiveCfg = Debug|Any CPU
		{5AC7E920-B3B2-49A7-9F65-A881B2446630}.Debug|Any CPU.Build.0 = Debug|Any CPU
		{5AC7E920-B3B2-49A7-9F65-A881B2446630}.Release|Any CPU.ActiveCfg = Release|Any CPU
		{5AC7E920-B3B2-49A7-9F65-A881B2446630}.Release|Any CPU.Build.0 = Release|Any CPU
		{0718CD00-6656-4595-93A1-51572AE17462}.Debug|Any CPU.ActiveCfg = Debug|Any CPU
		{0718CD00-6656-4595-93A1-51572AE17462}.Debug|Any CPU.Build.0 = Debug|Any CPU
		{0718CD00-6656-4595-93A1-51572AE17462}.Release|Any CPU.ActiveCfg = Release|Any CPU
		{0718CD00-6656-4595-93A1-51572AE17462}.Release|Any CPU.Build.0 = Release|Any CPU
		{412263F3-027B-4EB5-94C7-B7DE9D64D9FA}.Debug|Any CPU.ActiveCfg = Debug|Any CPU
		{412263F3-027B-4EB5-94C7-B7DE9D64D9FA}.Debug|Any CPU.Build.0 = Debug|Any CPU
		{412263F3-027B-4EB5-94C7-B7DE9D64D9FA}.Release|Any CPU.ActiveCfg = Release|Any CPU
		{412263F3-027B-4EB5-94C7-B7DE9D64D9FA}.Release|Any CPU.Build.0 = Release|Any CPU
	EndGlobalSection
	GlobalSection(SolutionProperties) = preSolution
		HideSolutionNode = FALSE
	EndGlobalSection
	GlobalSection(NestedProjects) = preSolution
		{96CECE81-7A5D-4E56-8828-647FF24B9B57} = {F0D99CDC-D310-419F-A1DA-0BBC2AE8E08B}
		{17AD2807-0B37-49C6-98D7-3471A0E9E378} = {BA91F0D7-3D2E-4CFF-8A1D-DDBBE9D89870}
		{CB12C942-565B-4E60-AFB6-1370391A1CC0} = {BA91F0D7-3D2E-4CFF-8A1D-DDBBE9D89870}
		{735A1D4F-A911-4E3B-A626-73914900B4AD} = {BA91F0D7-3D2E-4CFF-8A1D-DDBBE9D89870}
		{81B5551F-C45B-4F65-80F2-8DF4EE31CB8B} = {BA91F0D7-3D2E-4CFF-8A1D-DDBBE9D89870}
		{5AC7E920-B3B2-49A7-9F65-A881B2446630} = {72EA0402-E82D-4BE3-BF45-5F27062BDE33}
		{0718CD00-6656-4595-93A1-51572AE17462} = {72EA0402-E82D-4BE3-BF45-5F27062BDE33}
		{412263F3-027B-4EB5-94C7-B7DE9D64D9FA} = {72EA0402-E82D-4BE3-BF45-5F27062BDE33}
	EndGlobalSection
	GlobalSection(ExtensibilityGlobals) = postSolution
		SolutionGuid = {85F9F409-0974-474E-A6DE-6DA611F17CE1}
	EndGlobalSection
EndGlobal
